
Microsoft Visual Studio Solution File, Format Version 12.00
# Visual Studio 15
VisualStudioVersion = 15.0.28307.572
MinimumVisualStudioVersion = 10.0.40219.1
Project("{FAE04EC0-301F-11D3-BF4B-00C04F79EFBC}") = "Class145", "Class145\Class145.csproj", "{C41FDB03-FC12-4B3B-92DE-AC2B506BDE33}"
EndProject
Global
	GlobalSection(SolutionConfigurationPlatforms) = preSolution
		Debug|Any CPU = Debug|Any CPU
		Release|Any CPU = Release|Any CPU
	EndGlobalSection
	GlobalSection(ProjectConfigurationPlatforms) = postSolution
		{C41FDB03-FC12-4B3B-92DE-AC2B506BDE33}.Debug|Any CPU.ActiveCfg = Debug|Any CPU
		{C41FDB03-FC12-4B3B-92DE-AC2B506BDE33}.Debug|Any CPU.Build.0 = Debug|Any CPU
		{C41FDB03-FC12-4B3B-92DE-AC2B506BDE33}.Release|Any CPU.ActiveCfg = Release|Any CPU
		{C41FDB03-FC12-4B3B-92DE-AC2B506BDE33}.Release|Any CPU.Build.0 = Release|Any CPU
	EndGlobalSection
	GlobalSection(SolutionProperties) = preSolution
		HideSolutionNode = FALSE
	EndGlobalSection
	GlobalSection(ExtensibilityGlobals) = postSolution
		SolutionGuid = {DA91F87C-D4B0-493B-A5B6-B1441A44D910}
	EndGlobalSection
EndGlobal
